
Microsoft Visual Studio Solution File, Format Version 12.00
# Visual Studio Version 17
VisualStudioVersion = 17.5.002.0
MinimumVisualStudioVersion = 10.0.40219.1
Project("{9A19103F-16F7-4668-BE54-9A1E7A4F7556}") = "HelloWorld", "HelloWorld\HelloWorld.csproj", "{7EF0C478-0666-4CD5-823E-CC31E454908A}"
EndProject
Global
	GlobalSection(SolutionConfigurationPlatforms) = preSolution
		Debug|Any CPU = Debug|Any CPU
		Release|Any CPU = Release|Any CPU
	EndGlobalSection
	GlobalSection(ProjectConfigurationPlatforms) = postSolution
		{7EF0C478-0666-4CD5-823E-CC31E454908A}.Debug|Any CPU.ActiveCfg = Debug|Any CPU
		{7EF0C478-0666-4CD5-823E-CC31E454908A}.Debug|Any CPU.Build.0 = Debug|Any CPU
		{7EF0C478-0666-4CD5-823E-CC31E454908A}.Release|Any CPU.ActiveCfg = Release|Any CPU
		{7EF0C478-0666-4CD5-823E-CC31E454908A}.Release|Any CPU.Build.0 = Release|Any CPU
	EndGlobalSection
	GlobalSection(SolutionProperties) = preSolution
		HideSolutionNode = FALSE
	EndGlobalSection
	GlobalSection(ExtensibilityGlobals) = postSolution
		SolutionGuid = {75D97042-3DEE-47B4-8C26-FED6DA94C81E}
	EndGlobalSection
EndGlobal
